
Microsoft Visual Studio Solution File, Format Version 12.00
# Visual Studio Version 17
VisualStudioVersion = 17.12.35527.113 d17.12
MinimumVisualStudioVersion = 10.0.40219.1
Project("{FAE04EC0-301F-11D3-BF4B-00C04F79EFBC}") = "SmartGrowHub.Maui", "src\SmartGrowHub.Maui\SmartGrowHub.Maui.csproj", "{CEF53384-3AD3-4111-8867-FDC91CA37D18}"
EndProject
Project("{FAE04EC0-301F-11D3-BF4B-00C04F79EFBC}") = "SmartGrowHub.Maui.Droid", "src\SmartGrowHub.Maui.Droid\SmartGrowHub.Maui.Droid.csproj", "{72305E57-E090-4108-BF0B-F708C0D8AB0C}"
EndProject
Project("{FAE04EC0-301F-11D3-BF4B-00C04F79EFBC}") = "SmartGrowHub.Maui.iOS", "src\SmartGrowHub.Maui.iOS\SmartGrowHub.Maui.iOS.csproj", "{4C30526C-78C9-42A6-9C55-E20BFA245799}"
EndProject
Project("{FAE04EC0-301F-11D3-BF4B-00C04F79EFBC}") = "SmartGrowHub.Shared", "src\SmartGrowHub.Shared\SmartGrowHub.Shared.csproj", "{7E170F1E-4593-4DE0-9AE7-726B94496217}"
EndProject
Global
	GlobalSection(SolutionConfigurationPlatforms) = preSolution
		Debug|Any CPU = Debug|Any CPU
		Debug|Android-arm64 = Debug|Android-arm64
		Debug|Android-x64 = Debug|Android-x64
		Release|Any CPU = Release|Any CPU
		Release|Android-arm64 = Release|Android-arm64
		Release|Android-x64 = Release|Android-x64
	EndGlobalSection
	GlobalSection(ProjectConfigurationPlatforms) = postSolution
		{CEF53384-3AD3-4111-8867-FDC91CA37D18}.Debug|Any CPU.ActiveCfg = Debug|Any CPU
		{CEF53384-3AD3-4111-8867-FDC91CA37D18}.Debug|Any CPU.Build.0 = Debug|Any CPU
		{CEF53384-3AD3-4111-8867-FDC91CA37D18}.Debug|Android-arm64.ActiveCfg = Debug|Any CPU
		{CEF53384-3AD3-4111-8867-FDC91CA37D18}.Debug|Android-arm64.Build.0 = Debug|Any CPU
		{CEF53384-3AD3-4111-8867-FDC91CA37D18}.Debug|Android-x64.ActiveCfg = Debug|Any CPU
		{CEF53384-3AD3-4111-8867-FDC91CA37D18}.Debug|Android-x64.Build.0 = Debug|Any CPU
		{CEF53384-3AD3-4111-8867-FDC91CA37D18}.Release|Any CPU.ActiveCfg = Release|Any CPU
		{CEF53384-3AD3-4111-8867-FDC91CA37D18}.Release|Any CPU.Build.0 = Release|Any CPU
		{CEF53384-3AD3-4111-8867-FDC91CA37D18}.Release|Android-arm64.ActiveCfg = Release|Any CPU
		{CEF53384-3AD3-4111-8867-FDC91CA37D18}.Release|Android-arm64.Build.0 = Release|Any CPU
		{CEF53384-3AD3-4111-8867-FDC91CA37D18}.Release|Android-x64.ActiveCfg = Release|Any CPU
		{CEF53384-3AD3-4111-8867-FDC91CA37D18}.Release|Android-x64.Build.0 = Release|Any CPU
		{72305E57-E090-4108-BF0B-F708C0D8AB0C}.Debug|Any CPU.ActiveCfg = Debug|Any CPU
		{72305E57-E090-4108-BF0B-F708C0D8AB0C}.Debug|Any CPU.Build.0 = Debug|Any CPU
		{72305E57-E090-4108-BF0B-F708C0D8AB0C}.Debug|Android-arm64.ActiveCfg = Debug|Any CPU
		{72305E57-E090-4108-BF0B-F708C0D8AB0C}.Debug|Android-arm64.Build.0 = Debug|Any CPU
		{72305E57-E090-4108-BF0B-F708C0D8AB0C}.Debug|Android-x64.ActiveCfg = Debug|Any CPU
		{72305E57-E090-4108-BF0B-F708C0D8AB0C}.Debug|Android-x64.Build.0 = Debug|Any CPU
		{72305E57-E090-4108-BF0B-F708C0D8AB0C}.Release|Any CPU.ActiveCfg = Release|Any CPU
		{72305E57-E090-4108-BF0B-F708C0D8AB0C}.Release|Any CPU.Build.0 = Release|Any CPU
		{72305E57-E090-4108-BF0B-F708C0D8AB0C}.Release|Android-arm64.ActiveCfg = Release|Any CPU
		{72305E57-E090-4108-BF0B-F708C0D8AB0C}.Release|Android-arm64.Build.0 = Release|Any CPU
		{72305E57-E090-4108-BF0B-F708C0D8AB0C}.Release|Android-x64.ActiveCfg = Release|Any CPU
		{72305E57-E090-4108-BF0B-F708C0D8AB0C}.Release|Android-x64.Build.0 = Release|Any CPU
		{4C30526C-78C9-42A6-9C55-E20BFA245799}.Debug|Any CPU.ActiveCfg = Debug|Any CPU
		{4C30526C-78C9-42A6-9C55-E20BFA245799}.Debug|Any CPU.Build.0 = Debug|Any CPU
		{4C30526C-78C9-42A6-9C55-E20BFA245799}.Debug|Android-arm64.ActiveCfg = Debug|Any CPU
		{4C30526C-78C9-42A6-9C55-E20BFA245799}.Debug|Android-arm64.Build.0 = Debug|Any CPU
		{4C30526C-78C9-42A6-9C55-E20BFA245799}.Debug|Android-x64.ActiveCfg = Debug|Any CPU
		{4C30526C-78C9-42A6-9C55-E20BFA245799}.Debug|Android-x64.Build.0 = Debug|Any CPU
		{4C30526C-78C9-42A6-9C55-E20BFA245799}.Release|Any CPU.ActiveCfg = Release|Any CPU
		{4C30526C-78C9-42A6-9C55-E20BFA245799}.Release|Any CPU.Build.0 = Release|Any CPU
		{4C30526C-78C9-42A6-9C55-E20BFA245799}.Release|Android-arm64.ActiveCfg = Release|Any CPU
		{4C30526C-78C9-42A6-9C55-E20BFA245799}.Release|Android-arm64.Build.0 = Release|Any CPU
		{4C30526C-78C9-42A6-9C55-E20BFA245799}.Release|Android-x64.ActiveCfg = Release|Any CPU
		{4C30526C-78C9-42A6-9C55-E20BFA245799}.Release|Android-x64.Build.0 = Release|Any CPU
		{7E170F1E-4593-4DE0-9AE7-726B94496217}.Debug|Any CPU.ActiveCfg = Debug|Any CPU
		{7E170F1E-4593-4DE0-9AE7-726B94496217}.Debug|Any CPU.Build.0 = Debug|Any CPU
		{7E170F1E-4593-4DE0-9AE7-726B94496217}.Debug|Android-arm64.ActiveCfg = Debug|Any CPU
		{7E170F1E-4593-4DE0-9AE7-726B94496217}.Debug|Android-arm64.Build.0 = Debug|Any CPU
		{7E170F1E-4593-4DE0-9AE7-726B94496217}.Debug|Android-x64.ActiveCfg = Debug|Any CPU
		{7E170F1E-4593-4DE0-9AE7-726B94496217}.Debug|Android-x64.Build.0 = Debug|Any CPU
		{7E170F1E-4593-4DE0-9AE7-726B94496217}.Release|Any CPU.ActiveCfg = Release|Any CPU
		{7E170F1E-4593-4DE0-9AE7-726B94496217}.Release|Any CPU.Build.0 = Release|Any CPU
		{7E170F1E-4593-4DE0-9AE7-726B94496217}.Release|Android-arm64.ActiveCfg = Release|Any CPU
		{7E170F1E-4593-4DE0-9AE7-726B94496217}.Release|Android-arm64.Build.0 = Release|Any CPU
		{7E170F1E-4593-4DE0-9AE7-726B94496217}.Release|Android-x64.ActiveCfg = Release|Any CPU
		{7E170F1E-4593-4DE0-9AE7-726B94496217}.Release|Android-x64.Build.0 = Release|Any CPU
	EndGlobalSection
	GlobalSection(SolutionProperties) = preSolution
		HideSolutionNode = FALSE
	EndGlobalSection
EndGlobal
