Microsoft Visual Studio Solution File, Format Version 12.00
# Visual Studio Version 17
VisualStudioVersion = 17.5.2.0
MinimumVisualStudioVersion = 10.0.40219.1
Project("{FAE04EC0-301F-11D3-BF4B-00C04F79EFBC}") = "SmartGrowHub.Maui", "SmartGrowHub.Maui\SmartGrowHub.Maui.csproj", "{58361435-7568-C31B-D267-ACA35E1E74DB}"
EndProject
Project("{FAE04EC0-301F-11D3-BF4B-00C04F79EFBC}") = "SmartGrowHub.Maui.Droid", "SmartGrowHub.Maui.Droid\SmartGrowHub.Maui.Droid.csproj", "{06669184-EB2B-1D1D-3855-BBD9E75C0684}"
EndProject
Project("{FAE04EC0-301F-11D3-BF4B-00C04F79EFBC}") = "SmartGrowHub.Maui.iOS", "SmartGrowHub.Maui.iOS\SmartGrowHub.Maui.iOS.csproj", "{FF93838A-0913-7D99-C45E-A7DA3B39DEA8}"
EndProject
Global
	GlobalSection(SolutionConfigurationPlatforms) = preSolution
		Debug|Any CPU = Debug|Any CPU
		Release|Any CPU = Release|Any CPU
	EndGlobalSection
	GlobalSection(ProjectConfigurationPlatforms) = postSolution
		{58361435-7568-C31B-D267-ACA35E1E74DB}.Debug|Any CPU.ActiveCfg = Debug|Any CPU
		{58361435-7568-C31B-D267-ACA35E1E74DB}.Debug|Any CPU.Build.0 = Debug|Any CPU
		{58361435-7568-C31B-D267-ACA35E1E74DB}.Release|Any CPU.ActiveCfg = Release|Any CPU
		{58361435-7568-C31B-D267-ACA35E1E74DB}.Release|Any CPU.Build.0 = Release|Any CPU
		{06669184-EB2B-1D1D-3855-BBD9E75C0684}.Debug|Any CPU.ActiveCfg = Debug|Any CPU
		{06669184-EB2B-1D1D-3855-BBD9E75C0684}.Debug|Any CPU.Build.0 = Debug|Any CPU
		{06669184-EB2B-1D1D-3855-BBD9E75C0684}.Release|Any CPU.ActiveCfg = Release|Any CPU
		{06669184-EB2B-1D1D-3855-BBD9E75C0684}.Release|Any CPU.Build.0 = Release|Any CPU
		{FF93838A-0913-7D99-C45E-A7DA3B39DEA8}.Debug|Any CPU.ActiveCfg = Debug|Any CPU
		{FF93838A-0913-7D99-C45E-A7DA3B39DEA8}.Debug|Any CPU.Build.0 = Debug|Any CPU
		{FF93838A-0913-7D99-C45E-A7DA3B39DEA8}.Release|Any CPU.ActiveCfg = Release|Any CPU
		{FF93838A-0913-7D99-C45E-A7DA3B39DEA8}.Release|Any CPU.Build.0 = Release|Any CPU
	EndGlobalSection
	GlobalSection(SolutionProperties) = preSolution
		HideSolutionNode = FALSE
	EndGlobalSection
	GlobalSection(ExtensibilityGlobals) = postSolution
		SolutionGuid = {A9ED19C1-59F1-490F-AEE1-A5C7187DDA11}
	EndGlobalSection
EndGlobal
